
Microsoft Visual Studio Solution File, Format Version 12.00
# Visual Studio 15
VisualStudioVersion = 15.0.28307.779
MinimumVisualStudioVersion = 10.0.40219.1
Project("{FAE04EC0-301F-11D3-BF4B-00C04F79EFBC}") = "DataAccessLayer", "DataAccessLayer\DataAccessLayer.csproj", "{A1936DF2-021E-4490-A1CD-24974CFCADC4}"
EndProject
Project("{FAE04EC0-301F-11D3-BF4B-00C04F79EFBC}") = "WebAPIService", "WebAPIService\WebAPIService.csproj", "{FAAC135D-C69F-4CC8-90B8-5631E87CCBC5}"
EndProject
Global
	GlobalSection(SolutionConfigurationPlatforms) = preSolution
		Debug|Any CPU = Debug|Any CPU
		Release|Any CPU = Release|Any CPU
	EndGlobalSection
	GlobalSection(ProjectConfigurationPlatforms) = postSolution
		{A1936DF2-021E-4490-A1CD-24974CFCADC4}.Debug|Any CPU.ActiveCfg = Debug|Any CPU
		{A1936DF2-021E-4490-A1CD-24974CFCADC4}.Debug|Any CPU.Build.0 = Debug|Any CPU
		{A1936DF2-021E-4490-A1CD-24974CFCADC4}.Release|Any CPU.ActiveCfg = Release|Any CPU
		{A1936DF2-021E-4490-A1CD-24974CFCADC4}.Release|Any CPU.Build.0 = Release|Any CPU
		{FAAC135D-C69F-4CC8-90B8-5631E87CCBC5}.Debug|Any CPU.ActiveCfg = Debug|Any CPU
		{FAAC135D-C69F-4CC8-90B8-5631E87CCBC5}.Debug|Any CPU.Build.0 = Debug|Any CPU
		{FAAC135D-C69F-4CC8-90B8-5631E87CCBC5}.Release|Any CPU.ActiveCfg = Release|Any CPU
		{FAAC135D-C69F-4CC8-90B8-5631E87CCBC5}.Release|Any CPU.Build.0 = Release|Any CPU
	EndGlobalSection
	GlobalSection(SolutionProperties) = preSolution
		HideSolutionNode = FALSE
	EndGlobalSection
	GlobalSection(ExtensibilityGlobals) = postSolution
		SolutionGuid = {50AE021E-12E3-433A-B691-73F96EDF40AD}
	EndGlobalSection
EndGlobal
